{
  "requires": true,
  "lockfileVersion": 1,
  "dependencies": {
    "react-avatar-uploader": {
      "version": "1.0.3",
      "resolved": "https://registry.npmjs.org/react-avatar-uploader/-/react-avatar-uploader-1.0.3.tgz",
      "integrity": "sha512-f7YVT7gHcllj7ok0XlUM08Z843N9tEKoGj4pvD5E0MHgxHNDPEdSzORqwewApKJBSC+YU5T8McTzqSlES/Dq3Q=="
    }
  }
}
